
Microsoft Visual Studio Solution File, Format Version 12.00
# Visual Studio Version 16
VisualStudioVersion = 16.0.32901.82
MinimumVisualStudioVersion = 10.0.40219.1
Project("{8BC9CEB8-8B4A-11D0-8D11-00A0C91BC942}") = "ABLMediaServer", "ABLMediaServer\ABLMediaServer.vcxproj", "{078F7418-8D74-4F0F-A997-E49607E874B7}"
EndProject
Project("{8BC9CEB8-8B4A-11D0-8D11-00A0C91BC942}") = "librtmp", "media-server-master\librtmp\librtmp.vcxproj", "{4440B772-4BFC-4CD3-9700-7FA6F4EC0002}"
EndProject
Project("{8BC9CEB8-8B4A-11D0-8D11-00A0C91BC942}") = "libflv", "media-server-master\libflv\libflv.vcxproj", "{D5BA0BB6-0D84-48CB-8630-F617CB6DE375}"
EndProject
Project("{8BC9CEB8-8B4A-11D0-8D11-00A0C91BC942}") = "libmpeg", "media-server-master\libmpeg\libmpeg.vcxproj", "{D4FD8942-4634-4598-B1C0-55D61815A9E8}"
EndProject
Project("{8BC9CEB8-8B4A-11D0-8D11-00A0C91BC942}") = "libhls", "media-server-master\libhls\libhls.vcxproj", "{84B0AF1D-D52E-4BDF-8FD5-A8DBF12DDA1B}"
EndProject
Project("{8BC9CEB8-8B4A-11D0-8D11-00A0C91BC942}") = "libmov", "media-server-master\libmov\libmov.vcxproj", "{D5106098-7B37-4DE0-B8FB-233BBABC2D72}"
EndProject
Project("{8BC9CEB8-8B4A-11D0-8D11-00A0C91BC942}") = "librtp", "media-server-master\librtp\librtp.vcxproj", "{B6A95553-A736-4083-8B96-C5F845FA8C6D}"
EndProject
Project("{8BC9CEB8-8B4A-11D0-8D11-00A0C91BC942}") = "ABLMediaServer-linux", "ABLMediaServer-linux\ABLMediaServer-linux.vcxproj", "{2F2B657B-4A87-4745-AA6D-737435023B43}"
EndProject
Global
	GlobalSection(SolutionConfigurationPlatforms) = preSolution
		Debug|ARM = Debug|ARM
		Debug|ARM64 = Debug|ARM64
		Debug|x64 = Debug|x64
		Debug|x86 = Debug|x86
		Release|ARM = Release|ARM
		Release|ARM64 = Release|ARM64
		Release|x64 = Release|x64
		Release|x86 = Release|x86
	EndGlobalSection
	GlobalSection(ProjectConfigurationPlatforms) = postSolution
		{078F7418-8D74-4F0F-A997-E49607E874B7}.Debug|ARM.ActiveCfg = Debug|Win32
		{078F7418-8D74-4F0F-A997-E49607E874B7}.Debug|ARM64.ActiveCfg = Debug|Win32
		{078F7418-8D74-4F0F-A997-E49607E874B7}.Debug|x64.ActiveCfg = Debug|x64
		{078F7418-8D74-4F0F-A997-E49607E874B7}.Debug|x64.Build.0 = Debug|x64
		{078F7418-8D74-4F0F-A997-E49607E874B7}.Debug|x86.ActiveCfg = Debug|Win32
		{078F7418-8D74-4F0F-A997-E49607E874B7}.Debug|x86.Build.0 = Debug|Win32
		{078F7418-8D74-4F0F-A997-E49607E874B7}.Release|ARM.ActiveCfg = Release|Win32
		{078F7418-8D74-4F0F-A997-E49607E874B7}.Release|ARM64.ActiveCfg = Release|Win32
		{078F7418-8D74-4F0F-A997-E49607E874B7}.Release|x64.ActiveCfg = Release|x64
		{078F7418-8D74-4F0F-A997-E49607E874B7}.Release|x64.Build.0 = Release|x64
		{078F7418-8D74-4F0F-A997-E49607E874B7}.Release|x86.ActiveCfg = Release|Win32
		{078F7418-8D74-4F0F-A997-E49607E874B7}.Release|x86.Build.0 = Release|Win32
		{4440B772-4BFC-4CD3-9700-7FA6F4EC0002}.Debug|ARM.ActiveCfg = Debug|Win32
		{4440B772-4BFC-4CD3-9700-7FA6F4EC0002}.Debug|ARM64.ActiveCfg = Debug|Win32
		{4440B772-4BFC-4CD3-9700-7FA6F4EC0002}.Debug|x64.ActiveCfg = Debug|x64
		{4440B772-4BFC-4CD3-9700-7FA6F4EC0002}.Debug|x64.Build.0 = Debug|x64
		{4440B772-4BFC-4CD3-9700-7FA6F4EC0002}.Debug|x86.ActiveCfg = Debug|Win32
		{4440B772-4BFC-4CD3-9700-7FA6F4EC0002}.Debug|x86.Build.0 = Debug|Win32
		{4440B772-4BFC-4CD3-9700-7FA6F4EC0002}.Release|ARM.ActiveCfg = Release|Win32
		{4440B772-4BFC-4CD3-9700-7FA6F4EC0002}.Release|ARM64.ActiveCfg = Release|Win32
		{4440B772-4BFC-4CD3-9700-7FA6F4EC0002}.Release|x64.ActiveCfg = Release|x64
		{4440B772-4BFC-4CD3-9700-7FA6F4EC0002}.Release|x64.Build.0 = Release|x64
		{4440B772-4BFC-4CD3-9700-7FA6F4EC0002}.Release|x86.ActiveCfg = Release|Win32
		{4440B772-4BFC-4CD3-9700-7FA6F4EC0002}.Release|x86.Build.0 = Release|Win32
		{D5BA0BB6-0D84-48CB-8630-F617CB6DE375}.Debug|ARM.ActiveCfg = Debug|Win32
		{D5BA0BB6-0D84-48CB-8630-F617CB6DE375}.Debug|ARM64.ActiveCfg = Debug|Win32
		{D5BA0BB6-0D84-48CB-8630-F617CB6DE375}.Debug|x64.ActiveCfg = Debug|x64
		{D5BA0BB6-0D84-48CB-8630-F617CB6DE375}.Debug|x64.Build.0 = Debug|x64
		{D5BA0BB6-0D84-48CB-8630-F617CB6DE375}.Debug|x86.ActiveCfg = Debug|Win32
		{D5BA0BB6-0D84-48CB-8630-F617CB6DE375}.Debug|x86.Build.0 = Debug|Win32
		{D5BA0BB6-0D84-48CB-8630-F617CB6DE375}.Release|ARM.ActiveCfg = Release|Win32
		{D5BA0BB6-0D84-48CB-8630-F617CB6DE375}.Release|ARM64.ActiveCfg = Release|Win32
		{D5BA0BB6-0D84-48CB-8630-F617CB6DE375}.Release|x64.ActiveCfg = Release|x64
		{D5BA0BB6-0D84-48CB-8630-F617CB6DE375}.Release|x64.Build.0 = Release|x64
		{D5BA0BB6-0D84-48CB-8630-F617CB6DE375}.Release|x86.ActiveCfg = Release|Win32
		{D5BA0BB6-0D84-48CB-8630-F617CB6DE375}.Release|x86.Build.0 = Release|Win32
		{D4FD8942-4634-4598-B1C0-55D61815A9E8}.Debug|ARM.ActiveCfg = Debug|Win32
		{D4FD8942-4634-4598-B1C0-55D61815A9E8}.Debug|ARM64.ActiveCfg = Debug|Win32
		{D4FD8942-4634-4598-B1C0-55D61815A9E8}.Debug|x64.ActiveCfg = Debug|x64
		{D4FD8942-4634-4598-B1C0-55D61815A9E8}.Debug|x64.Build.0 = Debug|x64
		{D4FD8942-4634-4598-B1C0-55D61815A9E8}.Debug|x86.ActiveCfg = Debug|Win32
		{D4FD8942-4634-4598-B1C0-55D61815A9E8}.Debug|x86.Build.0 = Debug|Win32
		{D4FD8942-4634-4598-B1C0-55D61815A9E8}.Release|ARM.ActiveCfg = Release|Win32
		{D4FD8942-4634-4598-B1C0-55D61815A9E8}.Release|ARM64.ActiveCfg = Release|Win32
		{D4FD8942-4634-4598-B1C0-55D61815A9E8}.Release|x64.ActiveCfg = Release|x64
		{D4FD8942-4634-4598-B1C0-55D61815A9E8}.Release|x64.Build.0 = Release|x64
		{D4FD8942-4634-4598-B1C0-55D61815A9E8}.Release|x86.ActiveCfg = Release|Win32
		{D4FD8942-4634-4598-B1C0-55D61815A9E8}.Release|x86.Build.0 = Release|Win32
		{84B0AF1D-D52E-4BDF-8FD5-A8DBF12DDA1B}.Debug|ARM.ActiveCfg = Debug|Win32
		{84B0AF1D-D52E-4BDF-8FD5-A8DBF12DDA1B}.Debug|ARM64.ActiveCfg = Debug|Win32
		{84B0AF1D-D52E-4BDF-8FD5-A8DBF12DDA1B}.Debug|x64.ActiveCfg = Debug|x64
		{84B0AF1D-D52E-4BDF-8FD5-A8DBF12DDA1B}.Debug|x64.Build.0 = Debug|x64
		{84B0AF1D-D52E-4BDF-8FD5-A8DBF12DDA1B}.Debug|x86.ActiveCfg = Debug|Win32
		{84B0AF1D-D52E-4BDF-8FD5-A8DBF12DDA1B}.Debug|x86.Build.0 = Debug|Win32
		{84B0AF1D-D52E-4BDF-8FD5-A8DBF12DDA1B}.Release|ARM.ActiveCfg = Release|Win32
		{84B0AF1D-D52E-4BDF-8FD5-A8DBF12DDA1B}.Release|ARM64.ActiveCfg = Release|Win32
		{84B0AF1D-D52E-4BDF-8FD5-A8DBF12DDA1B}.Release|x64.ActiveCfg = Release|x64
		{84B0AF1D-D52E-4BDF-8FD5-A8DBF12DDA1B}.Release|x64.Build.0 = Release|x64
		{84B0AF1D-D52E-4BDF-8FD5-A8DBF12DDA1B}.Release|x86.ActiveCfg = Release|Win32
		{84B0AF1D-D52E-4BDF-8FD5-A8DBF12DDA1B}.Release|x86.Build.0 = Release|Win32
		{D5106098-7B37-4DE0-B8FB-233BBABC2D72}.Debug|ARM.ActiveCfg = Debug|Win32
		{D5106098-7B37-4DE0-B8FB-233BBABC2D72}.Debug|ARM64.ActiveCfg = Debug|Win32
		{D5106098-7B37-4DE0-B8FB-233BBABC2D72}.Debug|x64.ActiveCfg = Debug|x64
		{D5106098-7B37-4DE0-B8FB-233BBABC2D72}.Debug|x64.Build.0 = Debug|x64
		{D5106098-7B37-4DE0-B8FB-233BBABC2D72}.Debug|x86.ActiveCfg = Debug|Win32
		{D5106098-7B37-4DE0-B8FB-233BBABC2D72}.Debug|x86.Build.0 = Debug|Win32
		{D5106098-7B37-4DE0-B8FB-233BBABC2D72}.Release|ARM.ActiveCfg = Release|Win32
		{D5106098-7B37-4DE0-B8FB-233BBABC2D72}.Release|ARM64.ActiveCfg = Release|Win32
		{D5106098-7B37-4DE0-B8FB-233BBABC2D72}.Release|x64.ActiveCfg = Release|x64
		{D5106098-7B37-4DE0-B8FB-233BBABC2D72}.Release|x64.Build.0 = Release|x64
		{D5106098-7B37-4DE0-B8FB-233BBABC2D72}.Release|x86.ActiveCfg = Release|Win32
		{D5106098-7B37-4DE0-B8FB-233BBABC2D72}.Release|x86.Build.0 = Release|Win32
		{B6A95553-A736-4083-8B96-C5F845FA8C6D}.Debug|ARM.ActiveCfg = Debug|Win32
		{B6A95553-A736-4083-8B96-C5F845FA8C6D}.Debug|ARM64.ActiveCfg = Debug|Win32
		{B6A95553-A736-4083-8B96-C5F845FA8C6D}.Debug|x64.ActiveCfg = Debug|x64
		{B6A95553-A736-4083-8B96-C5F845FA8C6D}.Debug|x64.Build.0 = Debug|x64
		{B6A95553-A736-4083-8B96-C5F845FA8C6D}.Debug|x86.ActiveCfg = Debug|Win32
		{B6A95553-A736-4083-8B96-C5F845FA8C6D}.Debug|x86.Build.0 = Debug|Win32
		{B6A95553-A736-4083-8B96-C5F845FA8C6D}.Release|ARM.ActiveCfg = Release|Win32
		{B6A95553-A736-4083-8B96-C5F845FA8C6D}.Release|ARM64.ActiveCfg = Release|Win32
		{B6A95553-A736-4083-8B96-C5F845FA8C6D}.Release|x64.ActiveCfg = Release|x64
		{B6A95553-A736-4083-8B96-C5F845FA8C6D}.Release|x64.Build.0 = Release|x64
		{B6A95553-A736-4083-8B96-C5F845FA8C6D}.Release|x86.ActiveCfg = Release|Win32
		{B6A95553-A736-4083-8B96-C5F845FA8C6D}.Release|x86.Build.0 = Release|Win32
		{2F2B657B-4A87-4745-AA6D-737435023B43}.Debug|ARM.ActiveCfg = Debug|ARM
		{2F2B657B-4A87-4745-AA6D-737435023B43}.Debug|ARM.Build.0 = Debug|ARM
		{2F2B657B-4A87-4745-AA6D-737435023B43}.Debug|ARM.Deploy.0 = Debug|ARM
		{2F2B657B-4A87-4745-AA6D-737435023B43}.Debug|ARM64.ActiveCfg = Debug|ARM64
		{2F2B657B-4A87-4745-AA6D-737435023B43}.Debug|ARM64.Build.0 = Debug|ARM64
		{2F2B657B-4A87-4745-AA6D-737435023B43}.Debug|ARM64.Deploy.0 = Debug|ARM64
		{2F2B657B-4A87-4745-AA6D-737435023B43}.Debug|x64.ActiveCfg = Debug|x64
		{2F2B657B-4A87-4745-AA6D-737435023B43}.Debug|x64.Build.0 = Debug|x64
		{2F2B657B-4A87-4745-AA6D-737435023B43}.Debug|x64.Deploy.0 = Debug|x64
		{2F2B657B-4A87-4745-AA6D-737435023B43}.Debug|x86.ActiveCfg = Debug|x86
		{2F2B657B-4A87-4745-AA6D-737435023B43}.Debug|x86.Build.0 = Debug|x86
		{2F2B657B-4A87-4745-AA6D-737435023B43}.Debug|x86.Deploy.0 = Debug|x86
		{2F2B657B-4A87-4745-AA6D-737435023B43}.Release|ARM.ActiveCfg = Release|ARM
		{2F2B657B-4A87-4745-AA6D-737435023B43}.Release|ARM.Build.0 = Release|ARM
		{2F2B657B-4A87-4745-AA6D-737435023B43}.Release|ARM.Deploy.0 = Release|ARM
		{2F2B657B-4A87-4745-AA6D-737435023B43}.Release|ARM64.ActiveCfg = Release|ARM64
		{2F2B657B-4A87-4745-AA6D-737435023B43}.Release|ARM64.Build.0 = Release|ARM64
		{2F2B657B-4A87-4745-AA6D-737435023B43}.Release|ARM64.Deploy.0 = Release|ARM64
		{2F2B657B-4A87-4745-AA6D-737435023B43}.Release|x64.ActiveCfg = Release|x64
		{2F2B657B-4A87-4745-AA6D-737435023B43}.Release|x64.Build.0 = Release|x64
		{2F2B657B-4A87-4745-AA6D-737435023B43}.Release|x64.Deploy.0 = Release|x64
		{2F2B657B-4A87-4745-AA6D-737435023B43}.Release|x86.ActiveCfg = Release|x86
		{2F2B657B-4A87-4745-AA6D-737435023B43}.Release|x86.Build.0 = Release|x86
		{2F2B657B-4A87-4745-AA6D-737435023B43}.Release|x86.Deploy.0 = Release|x86
	EndGlobalSection
	GlobalSection(SolutionProperties) = preSolution
		HideSolutionNode = FALSE
	EndGlobalSection
	GlobalSection(ExtensibilityGlobals) = postSolution
		SolutionGuid = {A3A07C23-1110-4EE4-A7C1-33A21C28AE34}
	EndGlobalSection
EndGlobal
