<?xml version="1.0" encoding="utf-8"?>
<Project ToolsVersion="4.0" xmlns="http://schemas.microsoft.com/developer/msbuild/2003">
  <ItemGroup>
    <Filter Include="Source Files">
      <UniqueIdentifier>{4FC737F1-C7A5-4376-A066-2A32D752A2FF}</UniqueIdentifier>
      <Extensions>cpp;c;cc;cxx;def;odl;idl;hpj;bat;asm;asmx</Extensions>
    </Filter>
    <Filter Include="Header Files">
      <UniqueIdentifier>{93995380-89BD-4b04-88EB-625FBE52EBFB}</UniqueIdentifier>
      <Extensions>h;hh;hpp;hxx;hm;inl;inc;xsd</Extensions>
    </Filter>
    <Filter Include="Resource Files">
      <UniqueIdentifier>{67DA6AB6-F800-4c08-8B7A-83BB121AAD01}</UniqueIdentifier>
      <Extensions>rc;ico;cur;bmp;dlg;rc2;rct;bin;rgs;gif;jpg;jpeg;jpe;resx;tiff;tif;png;wav;mfcribbon-ms</Extensions>
    </Filter>
    <Filter Include="NvEncoder">
      <UniqueIdentifier>{e29a99a2-59d9-4d75-be59-19c212cc020b}</UniqueIdentifier>
    </Filter>
  </ItemGroup>
  <ItemGroup>
    <ClInclude Include="stdafx.h">
      <Filter>Header Files</Filter>
    </ClInclude>
    <ClInclude Include="cudaEncodeDLL.h">
      <Filter>Header Files</Filter>
    </ClInclude>
    <ClInclude Include="CudaVideoEncode.h">
      <Filter>Header Files</Filter>
    </ClInclude>
    <ClInclude Include="CudaChanManager.h">
      <Filter>Header Files</Filter>
    </ClInclude>
    <ClInclude Include="NvEncoder\cuda.h">
      <Filter>NvEncoder</Filter>
    </ClInclude>
    <ClInclude Include="NvEncoder\nvEncodeAPI.h">
      <Filter>NvEncoder</Filter>
    </ClInclude>
    <ClInclude Include="NvEncoder\NvEncoder.h">
      <Filter>NvEncoder</Filter>
    </ClInclude>
    <ClInclude Include="NvEncoder\NvEncoderCuda.h">
      <Filter>NvEncoder</Filter>
    </ClInclude>
  </ItemGroup>
  <ItemGroup>
    <ClCompile Include="cudaEncodeDLL.cpp">
      <Filter>Source Files</Filter>
    </ClCompile>
    <ClCompile Include="dllmain.cpp">
      <Filter>Source Files</Filter>
    </ClCompile>
    <ClCompile Include="CudaVideoEncode.cpp">
      <Filter>Source Files</Filter>
    </ClCompile>
    <ClCompile Include="CudaChanManager.cpp">
      <Filter>Source Files</Filter>
    </ClCompile>
    <ClCompile Include="NvEncoder\NvEncoder.cpp">
      <Filter>NvEncoder</Filter>
    </ClCompile>
    <ClCompile Include="NvEncoder\NvEncoderCuda.cpp">
      <Filter>NvEncoder</Filter>
    </ClCompile>
  </ItemGroup>
  <ItemGroup>
    <ResourceCompile Include="cudaEncodeDLL.rc">
      <Filter>Resource Files</Filter>
    </ResourceCompile>
  </ItemGroup>
</Project>