<?xml version="1.0" encoding="utf-8"?>
<Project ToolsVersion="4.0" xmlns="http://schemas.microsoft.com/developer/msbuild/2003">
  <ItemGroup>
    <Filter Include="源文件">
      <UniqueIdentifier>{4FC737F1-C7A5-4376-A066-2A32D752A2FF}</UniqueIdentifier>
      <Extensions>cpp;c;cc;cxx;c++;cppm;ixx;def;odl;idl;hpj;bat;asm;asmx</Extensions>
    </Filter>
    <Filter Include="头文件">
      <UniqueIdentifier>{93995380-89BD-4b04-88EB-625FBE52EBFB}</UniqueIdentifier>
      <Extensions>h;hh;hpp;hxx;h++;hm;inl;inc;ipp;xsd</Extensions>
    </Filter>
    <Filter Include="资源文件">
      <UniqueIdentifier>{67DA6AB6-F800-4c08-8B7A-83BB121AAD01}</UniqueIdentifier>
      <Extensions>rc;ico;cur;bmp;dlg;rc2;rct;bin;rgs;gif;jpg;jpeg;jpe;resx;tiff;tif;png;wav;mfcribbon-ms</Extensions>
    </Filter>
    <Filter Include="inc">
      <UniqueIdentifier>{c06e3dc5-97c8-4148-a6b4-a3037fe2c49f}</UniqueIdentifier>
    </Filter>
    <Filter Include="src">
      <UniqueIdentifier>{7b26745d-ce10-4123-9145-4f71d70c2f28}</UniqueIdentifier>
    </Filter>
    <Filter Include="civetweb">
      <UniqueIdentifier>{659cd10b-66df-45e5-90e2-efa025f161f0}</UniqueIdentifier>
    </Filter>
    <Filter Include="civetweb\inc">
      <UniqueIdentifier>{f1f8ea4b-e66f-48d0-ba6d-7aa3702a2fd9}</UniqueIdentifier>
    </Filter>
    <Filter Include="civetweb\src">
      <UniqueIdentifier>{8a9964b9-365d-4800-a509-65188adb8ac6}</UniqueIdentifier>
    </Filter>
    <Filter Include="capture">
      <UniqueIdentifier>{505aace2-0267-4134-aabb-4ff38d0a6895}</UniqueIdentifier>
    </Filter>
    <Filter Include="timer">
      <UniqueIdentifier>{72391a86-c5dc-42a2-bdce-d3928cc3178c}</UniqueIdentifier>
    </Filter>
    <Filter Include="prometheus">
      <UniqueIdentifier>{d87ef32d-f522-4f94-834a-71777814f2ea}</UniqueIdentifier>
    </Filter>
    <Filter Include="prometheus\include">
      <UniqueIdentifier>{3d021ca4-77d7-4b1b-ae70-05d5fbfe0de2}</UniqueIdentifier>
    </Filter>
    <Filter Include="prometheus\include\detail">
      <UniqueIdentifier>{8b6cd4d1-d976-4f49-83f2-5902fcaf1d3b}</UniqueIdentifier>
    </Filter>
    <Filter Include="prometheus\src">
      <UniqueIdentifier>{2cd075e4-7544-4c16-8bc5-00bf9b0965b4}</UniqueIdentifier>
    </Filter>
    <Filter Include="prometheus\src\detail">
      <UniqueIdentifier>{fa6a9108-16f0-4bca-b1f3-2c3ddd20d734}</UniqueIdentifier>
    </Filter>
    <Filter Include="dump">
      <UniqueIdentifier>{c4a6d1a5-27df-43a5-8864-976b0acc889f}</UniqueIdentifier>
    </Filter>
  </ItemGroup>
  <ItemGroup>
    <ClInclude Include="civetweb\include\CivetServer.h">
      <Filter>civetweb\inc</Filter>
    </ClInclude>
    <ClInclude Include="civetweb\include\civetweb.h">
      <Filter>civetweb\inc</Filter>
    </ClInclude>
    <ClInclude Include="civetweb\src\civetweb_private_lua.h">
      <Filter>civetweb\src</Filter>
    </ClInclude>
    <ClInclude Include="capture\VideoCapture.h">
      <Filter>capture</Filter>
    </ClInclude>
    <ClInclude Include="capture\VideoCaptureImpl.h">
      <Filter>capture</Filter>
    </ClInclude>
    <ClInclude Include="prometheus-cpp\include\prometheus\detail\builder.h">
      <Filter>prometheus\include\detail</Filter>
    </ClInclude>
    <ClInclude Include="prometheus-cpp\include\prometheus\detail\ckms_quantiles.h">
      <Filter>prometheus\include\detail</Filter>
    </ClInclude>
    <ClInclude Include="prometheus-cpp\include\prometheus\detail\core_export.h">
      <Filter>prometheus\include\detail</Filter>
    </ClInclude>
    <ClInclude Include="prometheus-cpp\include\prometheus\detail\future_std.h">
      <Filter>prometheus\include\detail</Filter>
    </ClInclude>
    <ClInclude Include="prometheus-cpp\include\prometheus\detail\time_window_quantiles.h">
      <Filter>prometheus\include\detail</Filter>
    </ClInclude>
    <ClInclude Include="prometheus-cpp\include\prometheus\detail\utils.h">
      <Filter>prometheus\include\detail</Filter>
    </ClInclude>
    <ClInclude Include="prometheus-cpp\include\prometheus\check_names.h">
      <Filter>prometheus\include</Filter>
    </ClInclude>
    <ClInclude Include="prometheus-cpp\include\prometheus\client_metric.h">
      <Filter>prometheus\include</Filter>
    </ClInclude>
    <ClInclude Include="prometheus-cpp\include\prometheus\collectable.h">
      <Filter>prometheus\include</Filter>
    </ClInclude>
    <ClInclude Include="prometheus-cpp\include\prometheus\counter.h">
      <Filter>prometheus\include</Filter>
    </ClInclude>
    <ClInclude Include="prometheus-cpp\include\prometheus\family.h">
      <Filter>prometheus\include</Filter>
    </ClInclude>
    <ClInclude Include="prometheus-cpp\include\prometheus\gauge.h">
      <Filter>prometheus\include</Filter>
    </ClInclude>
    <ClInclude Include="prometheus-cpp\include\prometheus\histogram.h">
      <Filter>prometheus\include</Filter>
    </ClInclude>
    <ClInclude Include="prometheus-cpp\include\prometheus\info.h">
      <Filter>prometheus\include</Filter>
    </ClInclude>
    <ClInclude Include="prometheus-cpp\include\prometheus\labels.h">
      <Filter>prometheus\include</Filter>
    </ClInclude>
    <ClInclude Include="prometheus-cpp\include\prometheus\metric_family.h">
      <Filter>prometheus\include</Filter>
    </ClInclude>
    <ClInclude Include="prometheus-cpp\include\prometheus\metric_type.h">
      <Filter>prometheus\include</Filter>
    </ClInclude>
    <ClInclude Include="prometheus-cpp\include\prometheus\registry.h">
      <Filter>prometheus\include</Filter>
    </ClInclude>
    <ClInclude Include="prometheus-cpp\include\prometheus\serializer.h">
      <Filter>prometheus\include</Filter>
    </ClInclude>
    <ClInclude Include="prometheus-cpp\include\prometheus\summary.h">
      <Filter>prometheus\include</Filter>
    </ClInclude>
    <ClInclude Include="prometheus-cpp\include\prometheus\text_serializer.h">
      <Filter>prometheus\include</Filter>
    </ClInclude>
    <ClInclude Include="prometheus-cpp\src\detail\hash.h">
      <Filter>prometheus\src\detail</Filter>
    </ClInclude>
    <ClInclude Include="AudioTrackSourceInput.h">
      <Filter>inc</Filter>
    </ClInclude>
    <ClInclude Include="CapturerFactory.h">
      <Filter>inc</Filter>
    </ClInclude>
    <ClInclude Include="EncodedVideoFrameBuffer.h">
      <Filter>inc</Filter>
    </ClInclude>
    <ClInclude Include="framework.h">
      <Filter>inc</Filter>
    </ClInclude>
    <ClInclude Include="HttpServerRequestHandler.h">
      <Filter>inc</Filter>
    </ClInclude>
    <ClInclude Include="NullDecoder.h">
      <Filter>inc</Filter>
    </ClInclude>
    <ClInclude Include="NullEncoder.h">
      <Filter>inc</Filter>
    </ClInclude>
    <ClInclude Include="PeerConnectionManager.h">
      <Filter>inc</Filter>
    </ClInclude>
    <ClInclude Include="VcmCapturer.h">
      <Filter>inc</Filter>
    </ClInclude>
    <ClInclude Include="VideoDecoderFactory.h">
      <Filter>inc</Filter>
    </ClInclude>
    <ClInclude Include="VideoEncoderFactory.h">
      <Filter>inc</Filter>
    </ClInclude>
    <ClInclude Include="VideoScaler.h">
      <Filter>inc</Filter>
    </ClInclude>
    <ClInclude Include="VideoSource.h">
      <Filter>inc</Filter>
    </ClInclude>
    <ClInclude Include="VideoTrackSourceInput.h">
      <Filter>inc</Filter>
    </ClInclude>
    <ClInclude Include="rtc_obj_sdk.h">
      <Filter>头文件</Filter>
    </ClInclude>
    <ClInclude Include="NSJson.h">
      <Filter>头文件</Filter>
    </ClInclude>
    <ClInclude Include="Dump\Crash_Dumper.h">
      <Filter>dump</Filter>
    </ClInclude>
  </ItemGroup>
  <ItemGroup>
    <ClCompile Include="civetweb\src\CivetServer.cpp">
      <Filter>civetweb\src</Filter>
    </ClCompile>
    <ClCompile Include="civetweb\src\civetweb.c">
      <Filter>civetweb\src</Filter>
    </ClCompile>
    <ClCompile Include="capture\VideoCapture.cpp">
      <Filter>capture</Filter>
    </ClCompile>
    <ClCompile Include="capture\VideoCaptureImpl.cpp">
      <Filter>capture</Filter>
    </ClCompile>
    <ClCompile Include="prometheus-cpp\src\check_names.cc">
      <Filter>prometheus\src</Filter>
    </ClCompile>
    <ClCompile Include="prometheus-cpp\src\counter.cc">
      <Filter>prometheus\src</Filter>
    </ClCompile>
    <ClCompile Include="prometheus-cpp\src\family.cc">
      <Filter>prometheus\src</Filter>
    </ClCompile>
    <ClCompile Include="prometheus-cpp\src\gauge.cc">
      <Filter>prometheus\src</Filter>
    </ClCompile>
    <ClCompile Include="prometheus-cpp\src\histogram.cc">
      <Filter>prometheus\src</Filter>
    </ClCompile>
    <ClCompile Include="prometheus-cpp\src\info.cc">
      <Filter>prometheus\src</Filter>
    </ClCompile>
    <ClCompile Include="prometheus-cpp\src\registry.cc">
      <Filter>prometheus\src</Filter>
    </ClCompile>
    <ClCompile Include="prometheus-cpp\src\serializer.cc">
      <Filter>prometheus\src</Filter>
    </ClCompile>
    <ClCompile Include="prometheus-cpp\src\summary.cc">
      <Filter>prometheus\src</Filter>
    </ClCompile>
    <ClCompile Include="prometheus-cpp\src\text_serializer.cc">
      <Filter>prometheus\src</Filter>
    </ClCompile>
    <ClCompile Include="prometheus-cpp\src\detail\builder.cc">
      <Filter>prometheus\src\detail</Filter>
    </ClCompile>
    <ClCompile Include="prometheus-cpp\src\detail\ckms_quantiles.cc">
      <Filter>prometheus\src\detail</Filter>
    </ClCompile>
    <ClCompile Include="prometheus-cpp\src\detail\time_window_quantiles.cc">
      <Filter>prometheus\src\detail</Filter>
    </ClCompile>
    <ClCompile Include="prometheus-cpp\src\detail\utils.cc">
      <Filter>prometheus\src\detail</Filter>
    </ClCompile>
    <ClCompile Include="PeerConnectionManager.cpp">
      <Filter>src</Filter>
    </ClCompile>
    <ClCompile Include="VideoTrackSourceInput.cpp">
      <Filter>src</Filter>
    </ClCompile>
    <ClCompile Include="HttpServerRequestHandler.cpp">
      <Filter>src</Filter>
    </ClCompile>
    <ClCompile Include="rtc_obj_sdk.cpp">
      <Filter>源文件</Filter>
    </ClCompile>
    <ClCompile Include="NSJson.cpp">
      <Filter>源文件</Filter>
    </ClCompile>
    <ClCompile Include="Dump\Crash_Dumper.cpp">
      <Filter>dump</Filter>
    </ClCompile>
  </ItemGroup>
</Project>