<?xml version="1.0" encoding="utf-8"?>
<Project ToolsVersion="4.0" xmlns="http://schemas.microsoft.com/developer/msbuild/2003">
  <ItemGroup>
    <Filter Include="Source Files">
      <UniqueIdentifier>{4FC737F1-C7A5-4376-A066-2A32D752A2FF}</UniqueIdentifier>
      <Extensions>cpp;c;cc;cxx;def;odl;idl;hpj;bat;asm;asmx</Extensions>
    </Filter>
    <Filter Include="Header Files">
      <UniqueIdentifier>{93995380-89BD-4b04-88EB-625FBE52EBFB}</UniqueIdentifier>
      <Extensions>h;hh;hpp;hxx;hm;inl;inc;xsd</Extensions>
    </Filter>
    <Filter Include="Resource Files">
      <UniqueIdentifier>{67DA6AB6-F800-4c08-8B7A-83BB121AAD01}</UniqueIdentifier>
      <Extensions>rc;ico;cur;bmp;dlg;rc2;rct;bin;rgs;gif;jpg;jpeg;jpe;resx;tiff;tif;png;wav;mfcribbon-ms</Extensions>
    </Filter>
    <Filter Include="packet">
      <UniqueIdentifier>{39662a52-cebf-42f3-9a02-5eab331d9f10}</UniqueIdentifier>
    </Filter>
    <Filter Include="packet\ps_demux">
      <UniqueIdentifier>{4155a4d8-9b7b-4f45-989a-96ae9d3abd52}</UniqueIdentifier>
    </Filter>
    <Filter Include="packet\rtpdepacket">
      <UniqueIdentifier>{ccbf1408-0d7b-4f4b-84c1-009eeca54820}</UniqueIdentifier>
    </Filter>
    <Filter Include="packet\rtppacket">
      <UniqueIdentifier>{9f20aed1-272f-415e-b5f5-0382f58ec29a}</UniqueIdentifier>
    </Filter>
    <Filter Include="packet\ps_mux">
      <UniqueIdentifier>{6135f084-3725-45ca-ace6-403144a265a1}</UniqueIdentifier>
    </Filter>
  </ItemGroup>
  <ItemGroup>
    <Text Include="ReadMe.txt" />
  </ItemGroup>
  <ItemGroup>
    <ClInclude Include="stdafx.h">
      <Filter>Header Files</Filter>
    </ClInclude>
    <ClInclude Include="MediaFifo.h">
      <Filter>Header Files</Filter>
    </ClInclude>
    <ClInclude Include="XHNetSDK.h">
      <Filter>Header Files</Filter>
    </ClInclude>
    <ClInclude Include="NetRecvBase.h">
      <Filter>Header Files</Filter>
    </ClInclude>
    <ClInclude Include="NetServerHTTP_FLV.h">
      <Filter>Header Files</Filter>
    </ClInclude>
    <ClInclude Include="NetRtmpServerRecv.h">
      <Filter>Header Files</Filter>
    </ClInclude>
    <ClInclude Include="resource.h">
      <Filter>Header Files</Filter>
    </ClInclude>
    <ClInclude Include="NetBaseThreadPool.h">
      <Filter>Header Files</Filter>
    </ClInclude>
    <ClInclude Include="NetRtspServer.h">
      <Filter>Header Files</Filter>
    </ClInclude>
    <ClInclude Include="MediaStreamSource.h">
      <Filter>Header Files</Filter>
    </ClInclude>
    <ClInclude Include="MediaSendThreadPool.h">
      <Filter>Header Files</Filter>
    </ClInclude>
    <ClInclude Include="ABLSipParse.h">
      <Filter>Header Files</Filter>
    </ClInclude>
    <ClInclude Include="ABLogSDK.h">
      <Filter>Header Files</Filter>
    </ClInclude>
    <ClInclude Include="MyWriteLogFile.h">
      <Filter>Header Files</Filter>
    </ClInclude>
    <ClInclude Include="WriteAVFile.h">
      <Filter>Header Files</Filter>
    </ClInclude>
    <ClInclude Include="ConfigFile.h">
      <Filter>Header Files</Filter>
    </ClInclude>
    <ClInclude Include="RtcpDef.h">
      <Filter>Header Files</Filter>
    </ClInclude>
    <ClInclude Include="RtcpPacket.h">
      <Filter>Header Files</Filter>
    </ClInclude>
    <ClInclude Include="NetServerHLS.h">
      <Filter>Header Files</Filter>
    </ClInclude>
    <ClInclude Include="NetClientRecvHttpHLS.h">
      <Filter>Header Files</Filter>
    </ClInclude>
    <ClInclude Include="rtspMD5\Base64.hh">
      <Filter>Header Files</Filter>
    </ClInclude>
    <ClInclude Include="rtspMD5\DigestAuthentication.hh">
      <Filter>Header Files</Filter>
    </ClInclude>
    <ClInclude Include="rtspMD5\gettimeofday.h">
      <Filter>Header Files</Filter>
    </ClInclude>
    <ClInclude Include="rtspMD5\netBase64.h">
      <Filter>Header Files</Filter>
    </ClInclude>
    <ClInclude Include="rtspMD5\ourMD5.hh">
      <Filter>Header Files</Filter>
    </ClInclude>
    <ClInclude Include="rtspMD5\strDup.hh">
      <Filter>Header Files</Filter>
    </ClInclude>
    <ClInclude Include="LCbase64.h">
      <Filter>Header Files</Filter>
    </ClInclude>
    <ClInclude Include="H265_SPS_Nal.h">
      <Filter>Header Files</Filter>
    </ClInclude>
    <ClInclude Include="NetClientRecvRtmp.h">
      <Filter>Header Files</Filter>
    </ClInclude>
    <ClInclude Include="NetClientRecvFLV.h">
      <Filter>Header Files</Filter>
    </ClInclude>
    <ClInclude Include="NetClientSendRtmp.h">
      <Filter>Header Files</Filter>
    </ClInclude>
    <ClInclude Include="NetClientRecvRtsp.h">
      <Filter>Header Files</Filter>
    </ClInclude>
    <ClInclude Include="NetServerHTTP.h">
      <Filter>Header Files</Filter>
    </ClInclude>
    <ClInclude Include="NetClientAddStreamProxy.h">
      <Filter>Header Files</Filter>
    </ClInclude>
    <ClInclude Include="NetClientSendRtsp.h">
      <Filter>Header Files</Filter>
    </ClInclude>
    <ClInclude Include="NetClientAddPushProxy.h">
      <Filter>Header Files</Filter>
    </ClInclude>
    <ClInclude Include="NetGB28181RtpServer.h">
      <Filter>Header Files</Filter>
    </ClInclude>
    <ClInclude Include="NetGB28181RtpClient.h">
      <Filter>Header Files</Filter>
    </ClInclude>
    <ClInclude Include="NetServerWS_FLV.h">
      <Filter>Header Files</Filter>
    </ClInclude>
    <ClInclude Include="SHA1.h">
      <Filter>Header Files</Filter>
    </ClInclude>
    <ClInclude Include="NetServerHTTP_MP4.h">
      <Filter>Header Files</Filter>
    </ClInclude>
    <ClInclude Include="StreamRecordFMP4.h">
      <Filter>Header Files</Filter>
    </ClInclude>
    <ClInclude Include="RecordFileSource.h">
      <Filter>Header Files</Filter>
    </ClInclude>
    <ClInclude Include="ReadRecordFileInput.h">
      <Filter>Header Files</Filter>
    </ClInclude>
    <ClInclude Include="g711_table.h">
      <Filter>Header Files</Filter>
    </ClInclude>
    <ClInclude Include="g711.h">
      <Filter>Header Files</Filter>
    </ClInclude>
    <ClInclude Include="faac.h">
      <Filter>Header Files</Filter>
    </ClInclude>
    <ClInclude Include="faaccfg.h">
      <Filter>Header Files</Filter>
    </ClInclude>
    <ClInclude Include="AACEncode.h">
      <Filter>Header Files</Filter>
    </ClInclude>
    <ClInclude Include="NetClientHttp.h">
      <Filter>Header Files</Filter>
    </ClInclude>
    <ClInclude Include="NetClientSnap.h">
      <Filter>Header Files</Filter>
    </ClInclude>
    <ClInclude Include="VideoDecode.h">
      <Filter>Header Files</Filter>
    </ClInclude>
    <ClInclude Include="PictureFileSource.h">
      <Filter>Header Files</Filter>
    </ClInclude>
    <ClInclude Include="AVFrameSWS.h">
      <Filter>Header Files</Filter>
    </ClInclude>
    <ClInclude Include="FFVideoEncode.h">
      <Filter>Header Files</Filter>
    </ClInclude>
    <ClInclude Include="FFVideoDecode.h">
      <Filter>Header Files</Filter>
    </ClInclude>
    <ClInclude Include="NetServerRecvRtpTS_PS.h">
      <Filter>Header Files</Filter>
    </ClInclude>
    <ClInclude Include="RtpTSStreamInput.h">
      <Filter>Header Files</Filter>
    </ClInclude>
    <ClInclude Include="RtpPSStreamInput.h">
      <Filter>Header Files</Filter>
    </ClInclude>
    <ClInclude Include="NetGB28181Listen.h">
      <Filter>Header Files</Filter>
    </ClInclude>
    <ClInclude Include="StreamRecordMP4.h">
      <Filter>Header Files</Filter>
    </ClInclude>
    <ClInclude Include="ABLString.h">
      <Filter>Header Files</Filter>
    </ClInclude>
    <ClInclude Include="packet\ps_demux\consumer_base.h">
      <Filter>packet\ps_demux</Filter>
    </ClInclude>
    <ClInclude Include="packet\ps_demux\demux.h">
      <Filter>packet\ps_demux</Filter>
    </ClInclude>
    <ClInclude Include="packet\ps_demux\demux_manager.h">
      <Filter>packet\ps_demux</Filter>
    </ClInclude>
    <ClInclude Include="packet\ps_demux\header_consumer.h">
      <Filter>packet\ps_demux</Filter>
    </ClInclude>
    <ClInclude Include="packet\ps_demux\pes_consumer.h">
      <Filter>packet\ps_demux</Filter>
    </ClInclude>
    <ClInclude Include="packet\ps_demux\pes_nonmedia_consumer.h">
      <Filter>packet\ps_demux</Filter>
    </ClInclude>
    <ClInclude Include="packet\ps_demux\ps_def.h">
      <Filter>packet\ps_demux</Filter>
    </ClInclude>
    <ClInclude Include="packet\ps_demux\ps_demux.h">
      <Filter>packet\ps_demux</Filter>
    </ClInclude>
    <ClInclude Include="packet\ps_demux\psm_consumer.h">
      <Filter>packet\ps_demux</Filter>
    </ClInclude>
    <ClInclude Include="packet\ps_demux\sysheader_consumer.h">
      <Filter>packet\ps_demux</Filter>
    </ClInclude>
    <ClInclude Include="HSingleton.h">
      <Filter>Header Files</Filter>
    </ClInclude>
    <ClInclude Include="packet\Ps_mux\mux.h">
      <Filter>packet\ps_mux</Filter>
    </ClInclude>
    <ClInclude Include="packet\Ps_mux\mux_manager.h">
      <Filter>packet\ps_mux</Filter>
    </ClInclude>
    <ClInclude Include="packet\Ps_mux\ps_def.h">
      <Filter>packet\ps_mux</Filter>
    </ClInclude>
    <ClInclude Include="packet\Ps_mux\ps_mux.h">
      <Filter>packet\ps_mux</Filter>
    </ClInclude>
    <ClInclude Include="packet\rtpdepacket\common_depacket.h">
      <Filter>packet\rtpdepacket</Filter>
    </ClInclude>
    <ClInclude Include="packet\rtpdepacket\depacket.h">
      <Filter>packet\rtpdepacket</Filter>
    </ClInclude>
    <ClInclude Include="packet\rtpdepacket\rtp_def.h">
      <Filter>packet\rtpdepacket</Filter>
    </ClInclude>
    <ClInclude Include="packet\rtpdepacket\rtp_depacket.h">
      <Filter>packet\rtpdepacket</Filter>
    </ClInclude>
    <ClInclude Include="packet\rtpdepacket\session_depacket.h">
      <Filter>packet\rtpdepacket</Filter>
    </ClInclude>
    <ClInclude Include="packet\rtpdepacket\session_manager.h">
      <Filter>packet\rtpdepacket</Filter>
    </ClInclude>
    <ClInclude Include="packet\rtppacket\common_rtppacket.h">
      <Filter>packet\rtppacket</Filter>
    </ClInclude>
    <ClInclude Include="packet\rtppacket\packet.h">
      <Filter>packet\rtppacket</Filter>
    </ClInclude>
    <ClInclude Include="packet\rtppacket\rtp_def.h">
      <Filter>packet\rtppacket</Filter>
    </ClInclude>
    <ClInclude Include="packet\rtppacket\rtp_packet.h">
      <Filter>packet\rtppacket</Filter>
    </ClInclude>
    <ClInclude Include="packet\rtppacket\session.h">
      <Filter>packet\rtppacket</Filter>
    </ClInclude>
    <ClInclude Include="packet\rtppacket\session_manager_rtppacket.h">
      <Filter>packet\rtppacket</Filter>
    </ClInclude>
    <ClInclude Include="packet\Ps_mux\common.h">
      <Filter>packet\ps_mux</Filter>
    </ClInclude>
    <ClInclude Include="packet\ps_demux\common_demux.h">
      <Filter>packet\ps_demux</Filter>
    </ClInclude>
  </ItemGroup>
  <ItemGroup>
    <ClCompile Include="stdafx.cpp">
      <Filter>Source Files</Filter>
    </ClCompile>
    <ClCompile Include="NetRecvBase.cpp">
      <Filter>Source Files</Filter>
    </ClCompile>
    <ClCompile Include="NetServerHTTP_FLV.cpp">
      <Filter>Source Files</Filter>
    </ClCompile>
    <ClCompile Include="CNetRtmpServerRecv.cpp">
      <Filter>Source Files</Filter>
    </ClCompile>
    <ClCompile Include="NetBaseThreadPool.cpp">
      <Filter>Source Files</Filter>
    </ClCompile>
    <ClCompile Include="NetRtspServer.cpp">
      <Filter>Source Files</Filter>
    </ClCompile>
    <ClCompile Include="MediaStreamSource.cpp">
      <Filter>Source Files</Filter>
    </ClCompile>
    <ClCompile Include="MediaFifo.cpp">
      <Filter>Source Files</Filter>
    </ClCompile>
    <ClCompile Include="MediaSendThreadPool.cpp">
      <Filter>Source Files</Filter>
    </ClCompile>
    <ClCompile Include="ABLSipParse.cpp">
      <Filter>Source Files</Filter>
    </ClCompile>
    <ClCompile Include="ABLogSDK.cpp">
      <Filter>Source Files</Filter>
    </ClCompile>
    <ClCompile Include="MyWriteLogFile.cpp">
      <Filter>Source Files</Filter>
    </ClCompile>
    <ClCompile Include="WriteAVFile.cpp">
      <Filter>Source Files</Filter>
    </ClCompile>
    <ClCompile Include="ConfigFile.cpp">
      <Filter>Source Files</Filter>
    </ClCompile>
    <ClCompile Include="RtcpPacket.cpp">
      <Filter>Source Files</Filter>
    </ClCompile>
    <ClCompile Include="NetServerHLS.cpp">
      <Filter>Source Files</Filter>
    </ClCompile>
    <ClCompile Include="NetClientRecvHttpHLS.cpp">
      <Filter>Source Files</Filter>
    </ClCompile>
    <ClCompile Include="rtspMD5\Base64.cpp">
      <Filter>Source Files</Filter>
    </ClCompile>
    <ClCompile Include="rtspMD5\DigestAuthentication.cpp">
      <Filter>Source Files</Filter>
    </ClCompile>
    <ClCompile Include="rtspMD5\gettimeofday.cpp">
      <Filter>Source Files</Filter>
    </ClCompile>
    <ClCompile Include="rtspMD5\netBase64.cpp">
      <Filter>Source Files</Filter>
    </ClCompile>
    <ClCompile Include="rtspMD5\ourMD5.cpp">
      <Filter>Source Files</Filter>
    </ClCompile>
    <ClCompile Include="rtspMD5\strDup.cpp">
      <Filter>Source Files</Filter>
    </ClCompile>
    <ClCompile Include="LCbase64.cpp">
      <Filter>Source Files</Filter>
    </ClCompile>
    <ClCompile Include="NetClientRecvRtmp.cpp">
      <Filter>Source Files</Filter>
    </ClCompile>
    <ClCompile Include="NetClientRecvFLV.cpp">
      <Filter>Source Files</Filter>
    </ClCompile>
    <ClCompile Include="NetClientSendRtmp.cpp">
      <Filter>Source Files</Filter>
    </ClCompile>
    <ClCompile Include="NetClientRecvRtsp.cpp">
      <Filter>Source Files</Filter>
    </ClCompile>
    <ClCompile Include="NetServerHTTP.cpp">
      <Filter>Source Files</Filter>
    </ClCompile>
    <ClCompile Include="NetClientAddStreamProxy.cpp">
      <Filter>Source Files</Filter>
    </ClCompile>
    <ClCompile Include="NetClientSendRtsp.cpp">
      <Filter>Source Files</Filter>
    </ClCompile>
    <ClCompile Include="NetClientAddPushProxy.cpp">
      <Filter>Source Files</Filter>
    </ClCompile>
    <ClCompile Include="NetGB28181RtpServer.cpp">
      <Filter>Source Files</Filter>
    </ClCompile>
    <ClCompile Include="NetGB28181RtpClient.cpp">
      <Filter>Source Files</Filter>
    </ClCompile>
    <ClCompile Include="NetServerWS_FLV.cpp">
      <Filter>Source Files</Filter>
    </ClCompile>
    <ClCompile Include="SHA1.cpp">
      <Filter>Source Files</Filter>
    </ClCompile>
    <ClCompile Include="NetServerHTTP_MP4.cpp">
      <Filter>Source Files</Filter>
    </ClCompile>
    <ClCompile Include="StreamRecordFMP4.cpp">
      <Filter>Source Files</Filter>
    </ClCompile>
    <ClCompile Include="RecordFileSource.cpp">
      <Filter>Source Files</Filter>
    </ClCompile>
    <ClCompile Include="ReadRecordFileInput.cpp">
      <Filter>Source Files</Filter>
    </ClCompile>
    <ClCompile Include="g711_table.cpp">
      <Filter>Source Files</Filter>
    </ClCompile>
    <ClCompile Include="g711.cpp">
      <Filter>Source Files</Filter>
    </ClCompile>
    <ClCompile Include="AACEncode.cpp">
      <Filter>Source Files</Filter>
    </ClCompile>
    <ClCompile Include="NetClientHttp.cpp">
      <Filter>Source Files</Filter>
    </ClCompile>
    <ClCompile Include="NetClientSnap.cpp">
      <Filter>Source Files</Filter>
    </ClCompile>
    <ClCompile Include="VideoDecode.cpp">
      <Filter>Source Files</Filter>
    </ClCompile>
    <ClCompile Include="PictureFileSource.cpp">
      <Filter>Source Files</Filter>
    </ClCompile>
    <ClCompile Include="AVFrameSWS.cpp">
      <Filter>Source Files</Filter>
    </ClCompile>
    <ClCompile Include="FFVideoEncode.cpp">
      <Filter>Source Files</Filter>
    </ClCompile>
    <ClCompile Include="FFVideoDecode.cpp">
      <Filter>Source Files</Filter>
    </ClCompile>
    <ClCompile Include="NetServerRecvRtpTS_PS.cpp">
      <Filter>Source Files</Filter>
    </ClCompile>
    <ClCompile Include="RtpTSStreamInput.cpp">
      <Filter>Source Files</Filter>
    </ClCompile>
    <ClCompile Include="RtpPSStreamInput.cpp">
      <Filter>Source Files</Filter>
    </ClCompile>
    <ClCompile Include="NetGB28181Listen.cpp">
      <Filter>Source Files</Filter>
    </ClCompile>
    <ClCompile Include="StreamRecordMP4.cpp">
      <Filter>Source Files</Filter>
    </ClCompile>
    <ClCompile Include="ABLString.cpp">
      <Filter>Source Files</Filter>
    </ClCompile>
    <ClCompile Include="ABLMediaServer.cpp">
      <Filter>Source Files</Filter>
    </ClCompile>
    <ClCompile Include="packet\ps_demux\demux.cpp">
      <Filter>packet\ps_demux</Filter>
    </ClCompile>
    <ClCompile Include="packet\ps_demux\demux_manager.cpp">
      <Filter>packet\ps_demux</Filter>
    </ClCompile>
    <ClCompile Include="packet\ps_demux\header_consumer.cpp">
      <Filter>packet\ps_demux</Filter>
    </ClCompile>
    <ClCompile Include="packet\ps_demux\pes_consumer.cpp">
      <Filter>packet\ps_demux</Filter>
    </ClCompile>
    <ClCompile Include="packet\ps_demux\pes_nonmedia_consumer.cpp">
      <Filter>packet\ps_demux</Filter>
    </ClCompile>
    <ClCompile Include="packet\ps_demux\ps_demux.cpp">
      <Filter>packet\ps_demux</Filter>
    </ClCompile>
    <ClCompile Include="packet\ps_demux\psm_consumer.cpp">
      <Filter>packet\ps_demux</Filter>
    </ClCompile>
    <ClCompile Include="packet\ps_demux\sysheader_consumer.cpp">
      <Filter>packet\ps_demux</Filter>
    </ClCompile>
    <ClCompile Include="packet\Ps_mux\mux.cpp">
      <Filter>packet\ps_mux</Filter>
    </ClCompile>
    <ClCompile Include="packet\Ps_mux\mux_manager.cpp">
      <Filter>packet\ps_mux</Filter>
    </ClCompile>
    <ClCompile Include="packet\Ps_mux\ps_mux.cpp">
      <Filter>packet\ps_mux</Filter>
    </ClCompile>
    <ClCompile Include="packet\rtpdepacket\common_depacket.cpp">
      <Filter>packet\rtpdepacket</Filter>
    </ClCompile>
    <ClCompile Include="packet\rtpdepacket\depacket.cpp">
      <Filter>packet\rtpdepacket</Filter>
    </ClCompile>
    <ClCompile Include="packet\rtpdepacket\rtp_depacket.cpp">
      <Filter>packet\rtpdepacket</Filter>
    </ClCompile>
    <ClCompile Include="packet\rtpdepacket\session_depacket.cpp">
      <Filter>packet\rtpdepacket</Filter>
    </ClCompile>
    <ClCompile Include="packet\rtpdepacket\session_manager.cpp">
      <Filter>packet\rtpdepacket</Filter>
    </ClCompile>
    <ClCompile Include="packet\rtppacket\common_rtppacket.cpp">
      <Filter>packet\rtppacket</Filter>
    </ClCompile>
    <ClCompile Include="packet\rtppacket\packet.cpp">
      <Filter>packet\rtppacket</Filter>
    </ClCompile>
    <ClCompile Include="packet\rtppacket\rtp_packet.cpp">
      <Filter>packet\rtppacket</Filter>
    </ClCompile>
    <ClCompile Include="packet\rtppacket\session.cpp">
      <Filter>packet\rtppacket</Filter>
    </ClCompile>
    <ClCompile Include="packet\rtppacket\session_manager_rtppacket.cpp">
      <Filter>packet\rtppacket</Filter>
    </ClCompile>
    <ClCompile Include="packet\Ps_mux\common.cpp">
      <Filter>packet\ps_mux</Filter>
    </ClCompile>
    <ClCompile Include="packet\ps_demux\common_demux.cpp">
      <Filter>packet\ps_demux</Filter>
    </ClCompile>
  </ItemGroup>
  <ItemGroup>
    <ResourceCompile Include="ABLMediaServer.rc">
      <Filter>Resource Files</Filter>
    </ResourceCompile>
  </ItemGroup>
  <ItemGroup>
    <Library Include="..\lib\libfaac.lib" />
    <Library Include="..\lib\XHNetSDK.lib" />
    <Library Include="..\lib\webrtc-streamer.lib" />
  </ItemGroup>
</Project>